
Microsoft Visual Studio Solution File, Format Version 12.00
# Visual Studio Version 16
VisualStudioVersion = 16.0.30907.101
MinimumVisualStudioVersion = 10.0.40219.1
Project("{FAE04EC0-301F-11D3-BF4B-00C04F79EFBC}") = "InstituteOfFineArt", "InstituteOfFineArt\InstituteOfFineArt.csproj", "{1203E2ED-B4E9-4CEE-B282-8752F37C9A43}"
EndProject
Global
	GlobalSection(SolutionConfigurationPlatforms) = preSolution
		Debug|Any CPU = Debug|Any CPU
		Release|Any CPU = Release|Any CPU
	EndGlobalSection
	GlobalSection(ProjectConfigurationPlatforms) = postSolution
		{1203E2ED-B4E9-4CEE-B282-8752F37C9A43}.Debug|Any CPU.ActiveCfg = Debug|Any CPU
		{1203E2ED-B4E9-4CEE-B282-8752F37C9A43}.Debug|Any CPU.Build.0 = Debug|Any CPU
		{1203E2ED-B4E9-4CEE-B282-8752F37C9A43}.Release|Any CPU.ActiveCfg = Release|Any CPU
		{1203E2ED-B4E9-4CEE-B282-8752F37C9A43}.Release|Any CPU.Build.0 = Release|Any CPU
	EndGlobalSection
	GlobalSection(SolutionProperties) = preSolution
		HideSolutionNode = FALSE
	EndGlobalSection
	GlobalSection(ExtensibilityGlobals) = postSolution
		SolutionGuid = {DE6D65E8-D6BD-4537-B705-0E07ACA8A8A9}
	EndGlobalSection
EndGlobal
